
Microsoft Visual Studio Solution File, Format Version 12.00
# Visual Studio 2012
Project("{FAE04EC0-301F-11D3-BF4B-00C04F79EFBC}") = "jebus", "jebus\jebus.csproj", "{5C705F01-33B6-4D35-9E8D-1E74691A4831}"
EndProject
Global
	GlobalSection(SolutionConfigurationPlatforms) = preSolution
		Debug|Any CPU = Debug|Any CPU
		Release|Any CPU = Release|Any CPU
	EndGlobalSection
	GlobalSection(ProjectConfigurationPlatforms) = postSolution
		{5C705F01-33B6-4D35-9E8D-1E74691A4831}.Debug|Any CPU.ActiveCfg = Debug|Any CPU
		{5C705F01-33B6-4D35-9E8D-1E74691A4831}.Debug|Any CPU.Build.0 = Debug|Any CPU
		{5C705F01-33B6-4D35-9E8D-1E74691A4831}.Release|Any CPU.ActiveCfg = Release|Any CPU
		{5C705F01-33B6-4D35-9E8D-1E74691A4831}.Release|Any CPU.Build.0 = Release|Any CPU
	EndGlobalSection
	GlobalSection(MonoDevelopProperties) = preSolution
		StartupItem = jebus\jebus.csproj
	EndGlobalSection
EndGlobal
